// !$*UTF8*$!
{
	archiveVersion = 1;
	classes = {
	};
	objectVersion = 55;
	objects = {

/* Begin PBXBuildFile section */
		04176F7A28816F0E00A8FFBF /* Alamofire in Frameworks */ = {isa = PBXBuildFile; productRef = 04176F7928816F0E00A8FFBF /* Alamofire */; };
		04176F7D28816F9A00A8FFBF /* SDWebImage in Frameworks */ = {isa = PBXBuildFile; productRef = 04176F7C28816F9A00A8FFBF /* SDWebImage */; };
		0494C0F928401774006E0AEB /* AppDelegate.swift in Sources */ = {isa = PBXBuildFile; fileRef = 0494C0F828401774006E0AEB /* AppDelegate.swift */; };
		0494C0FB28401774006E0AEB /* SceneDelegate.swift in Sources */ = {isa = PBXBuildFile; fileRef = 0494C0FA28401774006E0AEB /* SceneDelegate.swift */; };
		0494C0FD28401774006E0AEB /* MainViewController.swift in Sources */ = {isa = PBXBuildFile; fileRef = 0494C0FC28401774006E0AEB /* MainViewController.swift */; };
		0494C10228401778006E0AEB /* Assets.xcassets in Resources */ = {isa = PBXBuildFile; fileRef = 0494C10128401778006E0AEB /* Assets.xcassets */; };
		0494C10528401778006E0AEB /* LaunchScreen.storyboard in Resources */ = {isa = PBXBuildFile; fileRef = 0494C10328401778006E0AEB /* LaunchScreen.storyboard */; };
		0494C10D2843CD26006E0AEB /* Endpoints.swift in Sources */ = {isa = PBXBuildFile; fileRef = 0494C10C2843CD26006E0AEB /* Endpoints.swift */; };
		0494C1102843DB64006E0AEB /* PryanikyEndpoint.swift in Sources */ = {isa = PBXBuildFile; fileRef = 0494C10F2843DB64006E0AEB /* PryanikyEndpoint.swift */; };
		0494C1122843DEC6006E0AEB /* PryanikyResponse.swift in Sources */ = {isa = PBXBuildFile; fileRef = 0494C1112843DEC6006E0AEB /* PryanikyResponse.swift */; };
		0494C1142843E37E006E0AEB /* NetworkEngine.swift in Sources */ = {isa = PBXBuildFile; fileRef = 0494C1132843E37E006E0AEB /* NetworkEngine.swift */; };
		0494C11A284691CF006E0AEB /* HZCell.swift in Sources */ = {isa = PBXBuildFile; fileRef = 0494C119284691CF006E0AEB /* HZCell.swift */; };
		0494C11E28469209006E0AEB /* SelectorCell.swift in Sources */ = {isa = PBXBuildFile; fileRef = 0494C11D28469209006E0AEB /* SelectorCell.swift */; };
		0494C1202846A52A006E0AEB /* PictureCell.swift in Sources */ = {isa = PBXBuildFile; fileRef = 0494C11F2846A52A006E0AEB /* PictureCell.swift */; };
		0494C1232847EE53006E0AEB /* MainViewModel.swift in Sources */ = {isa = PBXBuildFile; fileRef = 0494C1222847EE53006E0AEB /* MainViewModel.swift */; };
		04FD643B2868AC0500F28759 /* UIView+PinEdges.swift in Sources */ = {isa = PBXBuildFile; fileRef = 04FD643A2868AC0500F28759 /* UIView+PinEdges.swift */; };
/* End PBXBuildFile section */

/* Begin PBXFileReference section */
		0494C0F528401774006E0AEB /* PryanikyTest.app */ = {isa = PBXFileReference; explicitFileType = wrapper.application; includeInIndex = 0; path = PryanikyTest.app; sourceTree = BUILT_PRODUCTS_DIR; };
		0494C0F828401774006E0AEB /* AppDelegate.swift */ = {isa = PBXFileReference; lastKnownFileType = sourcecode.swift; path = AppDelegate.swift; sourceTree = "<group>"; };
		0494C0FA28401774006E0AEB /* SceneDelegate.swift */ = {isa = PBXFileReference; lastKnownFileType = sourcecode.swift; path = SceneDelegate.swift; sourceTree = "<group>"; };
		0494C0FC28401774006E0AEB /* MainViewController.swift */ = {isa = PBXFileReference; lastKnownFileType = sourcecode.swift; path = MainViewController.swift; sourceTree = "<group>"; };
		0494C10128401778006E0AEB /* Assets.xcassets */ = {isa = PBXFileReference; lastKnownFileType = folder.assetcatalog; path = Assets.xcassets; sourceTree = "<group>"; };
		0494C10428401778006E0AEB /* Base */ = {isa = PBXFileReference; lastKnownFileType = file.storyboard; name = Base; path = Base.lproj/LaunchScreen.storyboard; sourceTree = "<group>"; };
		0494C10628401778006E0AEB /* Info.plist */ = {isa = PBXFileReference; lastKnownFileType = text.plist.xml; path = Info.plist; sourceTree = "<group>"; };
		0494C10C2843CD26006E0AEB /* Endpoints.swift */ = {isa = PBXFileReference; lastKnownFileType = sourcecode.swift; path = Endpoints.swift; sourceTree = "<group>"; };
		0494C10F2843DB64006E0AEB /* PryanikyEndpoint.swift */ = {isa = PBXFileReference; lastKnownFileType = sourcecode.swift; path = PryanikyEndpoint.swift; sourceTree = "<group>"; };
		0494C1112843DEC6006E0AEB /* PryanikyResponse.swift */ = {isa = PBXFileReference; lastKnownFileType = sourcecode.swift; path = PryanikyResponse.swift; sourceTree = "<group>"; };
		0494C1132843E37E006E0AEB /* NetworkEngine.swift */ = {isa = PBXFileReference; lastKnownFileType = sourcecode.swift; path = NetworkEngine.swift; sourceTree = "<group>"; };
		0494C119284691CF006E0AEB /* HZCell.swift */ = {isa = PBXFileReference; lastKnownFileType = sourcecode.swift; path = HZCell.swift; sourceTree = "<group>"; };
		0494C11D28469209006E0AEB /* SelectorCell.swift */ = {isa = PBXFileReference; lastKnownFileType = sourcecode.swift; path = SelectorCell.swift; sourceTree = "<group>"; };
		0494C11F2846A52A006E0AEB /* PictureCell.swift */ = {isa = PBXFileReference; lastKnownFileType = sourcecode.swift; path = PictureCell.swift; sourceTree = "<group>"; };
		0494C1222847EE53006E0AEB /* MainViewModel.swift */ = {isa = PBXFileReference; lastKnownFileType = sourcecode.swift; path = MainViewModel.swift; sourceTree = "<group>"; };
		04FD643A2868AC0500F28759 /* UIView+PinEdges.swift */ = {isa = PBXFileReference; lastKnownFileType = sourcecode.swift; path = "UIView+PinEdges.swift"; sourceTree = "<group>"; };
/* End PBXFileReference section */

/* Begin PBXFrameworksBuildPhase section */
		0494C0F228401774006E0AEB /* Frameworks */ = {
			isa = PBXFrameworksBuildPhase;
			buildActionMask = 2147483647;
			files = (
				04176F7D28816F9A00A8FFBF /* SDWebImage in Frameworks */,
				04176F7A28816F0E00A8FFBF /* Alamofire in Frameworks */,
			);
			runOnlyForDeploymentPostprocessing = 0;
		};
/* End PBXFrameworksBuildPhase section */

/* Begin PBXGroup section */
		0494C0EC28401774006E0AEB = {
			isa = PBXGroup;
			children = (
				0494C0F728401774006E0AEB /* PryanikyTest */,
				0494C0F628401774006E0AEB /* Products */,
			);
			sourceTree = "<group>";
		};
		0494C0F628401774006E0AEB /* Products */ = {
			isa = PBXGroup;
			children = (
				0494C0F528401774006E0AEB /* PryanikyTest.app */,
			);
			name = Products;
			sourceTree = "<group>";
		};
		0494C0F728401774006E0AEB /* PryanikyTest */ = {
			isa = PBXGroup;
			children = (
				0494C11528450EE2006E0AEB /* App */,
				0494C1172846494D006E0AEB /* Screens */,
				0494C10E2843DB28006E0AEB /* Networking Layer */,
				04FD64392868ABE400F28759 /* Helpers */,
				0494C116284551A3006E0AEB /* Resources */,
			);
			path = PryanikyTest;
			sourceTree = "<group>";
		};
		0494C10E2843DB28006E0AEB /* Networking Layer */ = {
			isa = PBXGroup;
			children = (
				04FD6438286870FC00F28759 /* Models */,
				0494C10C2843CD26006E0AEB /* Endpoints.swift */,
				0494C10F2843DB64006E0AEB /* PryanikyEndpoint.swift */,
				0494C1132843E37E006E0AEB /* NetworkEngine.swift */,
			);
			path = "Networking Layer";
			sourceTree = "<group>";
		};
		0494C11528450EE2006E0AEB /* App */ = {
			isa = PBXGroup;
			children = (
				0494C0F828401774006E0AEB /* AppDelegate.swift */,
				0494C0FA28401774006E0AEB /* SceneDelegate.swift */,
			);
			path = App;
			sourceTree = "<group>";
		};
		0494C116284551A3006E0AEB /* Resources */ = {
			isa = PBXGroup;
			children = (
				0494C10128401778006E0AEB /* Assets.xcassets */,
				0494C10328401778006E0AEB /* LaunchScreen.storyboard */,
				0494C10628401778006E0AEB /* Info.plist */,
			);
			path = Resources;
			sourceTree = "<group>";
		};
		0494C1172846494D006E0AEB /* Screens */ = {
			isa = PBXGroup;
			children = (
				0494C0FC28401774006E0AEB /* MainViewController.swift */,
				0494C1212847EE1E006E0AEB /* ViewModel */,
				0494C118284690B6006E0AEB /* Cells */,
			);
			path = Screens;
			sourceTree = "<group>";
		};
		0494C118284690B6006E0AEB /* Cells */ = {
			isa = PBXGroup;
			children = (
				0494C119284691CF006E0AEB /* HZCell.swift */,
				0494C11F2846A52A006E0AEB /* PictureCell.swift */,
				0494C11D28469209006E0AEB /* SelectorCell.swift */,
			);
			path = Cells;
			sourceTree = "<group>";
		};
		0494C1212847EE1E006E0AEB /* ViewModel */ = {
			isa = PBXGroup;
			children = (
				0494C1222847EE53006E0AEB /* MainViewModel.swift */,
			);
			path = ViewModel;
			sourceTree = "<group>";
		};
		04FD6438286870FC00F28759 /* Models */ = {
			isa = PBXGroup;
			children = (
				0494C1112843DEC6006E0AEB /* PryanikyResponse.swift */,
			);
			path = Models;
			sourceTree = "<group>";
		};
		04FD64392868ABE400F28759 /* Helpers */ = {
			isa = PBXGroup;
			children = (
				04FD643A2868AC0500F28759 /* UIView+PinEdges.swift */,
			);
			path = Helpers;
			sourceTree = "<group>";
		};
/* End PBXGroup section */

/* Begin PBXNativeTarget section */
		0494C0F428401774006E0AEB /* PryanikyTest */ = {
			isa = PBXNativeTarget;
			buildConfigurationList = 0494C10928401778006E0AEB /* Build configuration list for PBXNativeTarget "PryanikyTest" */;
			buildPhases = (
				0494C0F128401774006E0AEB /* Sources */,
				0494C0F228401774006E0AEB /* Frameworks */,
				0494C0F328401774006E0AEB /* Resources */,
			);
			buildRules = (
			);
			dependencies = (
			);
			name = PryanikyTest;
			packageProductDependencies = (
				04176F7928816F0E00A8FFBF /* Alamofire */,
				04176F7C28816F9A00A8FFBF /* SDWebImage */,
			);
			productName = PryanikyTest;
			productReference = 0494C0F528401774006E0AEB /* PryanikyTest.app */;
			productType = "com.apple.product-type.application";
		};
/* End PBXNativeTarget section */

/* Begin PBXProject section */
		0494C0ED28401774006E0AEB /* Project object */ = {
			isa = PBXProject;
			attributes = {
				BuildIndependentTargetsInParallel = 1;
				LastSwiftUpdateCheck = 1320;
				LastUpgradeCheck = 1320;
				TargetAttributes = {
					0494C0F428401774006E0AEB = {
						CreatedOnToolsVersion = 13.2.1;
					};
				};
			};
			buildConfigurationList = 0494C0F028401774006E0AEB /* Build configuration list for PBXProject "PryanikyTest" */;
			compatibilityVersion = "Xcode 13.0";
			developmentRegion = en;
			hasScannedForEncodings = 0;
			knownRegions = (
				en,
				Base,
			);
			mainGroup = 0494C0EC28401774006E0AEB;
			packageReferences = (
				04176F7828816F0E00A8FFBF /* XCRemoteSwiftPackageReference "Alamofire" */,
				04176F7B28816F9A00A8FFBF /* XCRemoteSwiftPackageReference "SDWebImage" */,
			);
			productRefGroup = 0494C0F628401774006E0AEB /* Products */;
			projectDirPath = "";
			projectRoot = "";
			targets = (
				0494C0F428401774006E0AEB /* PryanikyTest */,
			);
		};
/* End PBXProject section */

/* Begin PBXResourcesBuildPhase section */
		0494C0F328401774006E0AEB /* Resources */ = {
			isa = PBXResourcesBuildPhase;
			buildActionMask = 2147483647;
			files = (
				0494C10528401778006E0AEB /* LaunchScreen.storyboard in Resources */,
				0494C10228401778006E0AEB /* Assets.xcassets in Resources */,
			);
			runOnlyForDeploymentPostprocessing = 0;
		};
/* End PBXResourcesBuildPhase section */

/* Begin PBXSourcesBuildPhase section */
		0494C0F128401774006E0AEB /* Sources */ = {
			isa = PBXSourcesBuildPhase;
			buildActionMask = 2147483647;
			files = (
				0494C0FD28401774006E0AEB /* MainViewController.swift in Sources */,
				0494C11A284691CF006E0AEB /* HZCell.swift in Sources */,
				0494C1202846A52A006E0AEB /* PictureCell.swift in Sources */,
				04FD643B2868AC0500F28759 /* UIView+PinEdges.swift in Sources */,
				0494C1122843DEC6006E0AEB /* PryanikyResponse.swift in Sources */,
				0494C1142843E37E006E0AEB /* NetworkEngine.swift in Sources */,
				0494C0F928401774006E0AEB /* AppDelegate.swift in Sources */,
				0494C1102843DB64006E0AEB /* PryanikyEndpoint.swift in Sources */,
				0494C10D2843CD26006E0AEB /* Endpoints.swift in Sources */,
				0494C11E28469209006E0AEB /* SelectorCell.swift in Sources */,
				0494C0FB28401774006E0AEB /* SceneDelegate.swift in Sources */,
				0494C1232847EE53006E0AEB /* MainViewModel.swift in Sources */,
			);
			runOnlyForDeploymentPostprocessing = 0;
		};
/* End PBXSourcesBuildPhase section */

/* Begin PBXVariantGroup section */
		0494C10328401778006E0AEB /* LaunchScreen.storyboard */ = {
			isa = PBXVariantGroup;
			children = (
				0494C10428401778006E0AEB /* Base */,
			);
			name = LaunchScreen.storyboard;
			sourceTree = "<group>";
		};
/* End PBXVariantGroup section */

/* Begin XCBuildConfiguration section */
		0494C10728401778006E0AEB /* Debug */ = {
			isa = XCBuildConfiguration;
			buildSettings = {
				ALWAYS_SEARCH_USER_PATHS = NO;
				CLANG_ANALYZER_NONNULL = YES;
				CLANG_ANALYZER_NUMBER_OBJECT_CONVERSION = YES_AGGRESSIVE;
				CLANG_CXX_LANGUAGE_STANDARD = "gnu++17";
				CLANG_CXX_LIBRARY = "libc++";
				CLANG_ENABLE_MODULES = YES;
				CLANG_ENABLE_OBJC_ARC = YES;
				CLANG_ENABLE_OBJC_WEAK = YES;
				CLANG_WARN_BLOCK_CAPTURE_AUTORELEASING = YES;
				CLANG_WARN_BOOL_CONVERSION = YES;
				CLANG_WARN_COMMA = YES;
				CLANG_WARN_CONSTANT_CONVERSION = YES;
				CLANG_WARN_DEPRECATED_OBJC_IMPLEMENTATIONS = YES;
				CLANG_WARN_DIRECT_OBJC_ISA_USAGE = YES_ERROR;
				CLANG_WARN_DOCUMENTATION_COMMENTS = YES;
				CLANG_WARN_EMPTY_BODY = YES;
				CLANG_WARN_ENUM_CONVERSION = YES;
				CLANG_WARN_INFINITE_RECURSION = YES;
				CLANG_WARN_INT_CONVERSION = YES;
				CLANG_WARN_NON_LITERAL_NULL_CONVERSION = YES;
				CLANG_WARN_OBJC_IMPLICIT_RETAIN_SELF = YES;
				CLANG_WARN_OBJC_LITERAL_CONVERSION = YES;
				CLANG_WARN_OBJC_ROOT_CLASS = YES_ERROR;
				CLANG_WARN_QUOTED_INCLUDE_IN_FRAMEWORK_HEADER = YES;
				CLANG_WARN_RANGE_LOOP_ANALYSIS = YES;
				CLANG_WARN_STRICT_PROTOTYPES = YES;
				CLANG_WARN_SUSPICIOUS_MOVE = YES;
				CLANG_WARN_UNGUARDED_AVAILABILITY = YES_AGGRESSIVE;
				CLANG_WARN_UNREACHABLE_CODE = YES;
				CLANG_WARN__DUPLICATE_METHOD_MATCH = YES;
				COPY_PHASE_STRIP = NO;
				DEBUG_INFORMATION_FORMAT = dwarf;
				ENABLE_STRICT_OBJC_MSGSEND = YES;
				ENABLE_TESTABILITY = YES;
				GCC_C_LANGUAGE_STANDARD = gnu11;
				GCC_DYNAMIC_NO_PIC = NO;
				GCC_NO_COMMON_BLOCKS = YES;
				GCC_OPTIMIZATION_LEVEL = 0;
				GCC_PREPROCESSOR_DEFINITIONS = (
					"DEBUG=1",
					"$(inherited)",
				);
				GCC_WARN_64_TO_32_BIT_CONVERSION = YES;
				GCC_WARN_ABOUT_RETURN_TYPE = YES_ERROR;
				GCC_WARN_UNDECLARED_SELECTOR = YES;
				GCC_WARN_UNINITIALIZED_AUTOS = YES_AGGRESSIVE;
				GCC_WARN_UNUSED_FUNCTION = YES;
				GCC_WARN_UNUSED_VARIABLE = YES;
				IPHONEOS_DEPLOYMENT_TARGET = 15.2;
				MTL_ENABLE_DEBUG_INFO = INCLUDE_SOURCE;
				MTL_FAST_MATH = YES;
				ONLY_ACTIVE_ARCH = YES;
				SDKROOT = iphoneos;
				SWIFT_ACTIVE_COMPILATION_CONDITIONS = DEBUG;
				SWIFT_OPTIMIZATION_LEVEL = "-Onone";
			};
			name = Debug;
		};
		0494C10828401778006E0AEB /* Release */ = {
			isa = XCBuildConfiguration;
			buildSettings = {
				ALWAYS_SEARCH_USER_PATHS = NO;
				CLANG_ANALYZER_NONNULL = YES;
				CLANG_ANALYZER_NUMBER_OBJECT_CONVERSION = YES_AGGRESSIVE;
				CLANG_CXX_LANGUAGE_STANDARD = "gnu++17";
				CLANG_CXX_LIBRARY = "libc++";
				CLANG_ENABLE_MODULES = YES;
				CLANG_ENABLE_OBJC_ARC = YES;
				CLANG_ENABLE_OBJC_WEAK = YES;
				CLANG_WARN_BLOCK_CAPTURE_AUTORELEASING = YES;
				CLANG_WARN_BOOL_CONVERSION = YES;
				CLANG_WARN_COMMA = YES;
				CLANG_WARN_CONSTANT_CONVERSION = YES;
				CLANG_WARN_DEPRECATED_OBJC_IMPLEMENTATIONS = YES;
				CLANG_WARN_DIRECT_OBJC_ISA_USAGE = YES_ERROR;
				CLANG_WARN_DOCUMENTATION_COMMENTS = YES;
				CLANG_WARN_EMPTY_BODY = YES;
				CLANG_WARN_ENUM_CONVERSION = YES;
				CLANG_WARN_INFINITE_RECURSION = YES;
				CLANG_WARN_INT_CONVERSION = YES;
				CLANG_WARN_NON_LITERAL_NULL_CONVERSION = YES;
				CLANG_WARN_OBJC_IMPLICIT_RETAIN_SELF = YES;
				CLANG_WARN_OBJC_LITERAL_CONVERSION = YES;
				CLANG_WARN_OBJC_ROOT_CLASS = YES_ERROR;
				CLANG_WARN_QUOTED_INCLUDE_IN_FRAMEWORK_HEADER = YES;
				CLANG_WARN_RANGE_LOOP_ANALYSIS = YES;
				CLANG_WARN_STRICT_PROTOTYPES = YES;
				CLANG_WARN_SUSPICIOUS_MOVE = YES;
				CLANG_WARN_UNGUARDED_AVAILABILITY = YES_AGGRESSIVE;
				CLANG_WARN_UNREACHABLE_CODE = YES;
				CLANG_WARN__DUPLICATE_METHOD_MATCH = YES;
				COPY_PHASE_STRIP = NO;
				DEBUG_INFORMATION_FORMAT = "dwarf-with-dsym";
				ENABLE_NS_ASSERTIONS = NO;
				ENABLE_STRICT_OBJC_MSGSEND = YES;
				GCC_C_LANGUAGE_STANDARD = gnu11;
				GCC_NO_COMMON_BLOCKS = YES;
				GCC_WARN_64_TO_32_BIT_CONVERSION = YES;
				GCC_WARN_ABOUT_RETURN_TYPE = YES_ERROR;
				GCC_WARN_UNDECLARED_SELECTOR = YES;
				GCC_WARN_UNINITIALIZED_AUTOS = YES_AGGRESSIVE;
				GCC_WARN_UNUSED_FUNCTION = YES;
				GCC_WARN_UNUSED_VARIABLE = YES;
				IPHONEOS_DEPLOYMENT_TARGET = 15.2;
				MTL_ENABLE_DEBUG_INFO = NO;
				MTL_FAST_MATH = YES;
				SDKROOT = iphoneos;
				SWIFT_COMPILATION_MODE = wholemodule;
				SWIFT_OPTIMIZATION_LEVEL = "-O";
				VALIDATE_PRODUCT = YES;
			};
			name = Release;
		};
		0494C10A28401778006E0AEB /* Debug */ = {
			isa = XCBuildConfiguration;
			buildSettings = {
				ASSETCATALOG_COMPILER_APPICON_NAME = AppIcon;
				ASSETCATALOG_COMPILER_GLOBAL_ACCENT_COLOR_NAME = AccentColor;
				CODE_SIGN_STYLE = Automatic;
				CURRENT_PROJECT_VERSION = 1;
				DEVELOPMENT_TEAM = 8RR9M64TNW;
				GENERATE_INFOPLIST_FILE = YES;
				INFOPLIST_FILE = PryanikyTest/Resources/Info.plist;
				INFOPLIST_KEY_UIApplicationSupportsIndirectInputEvents = YES;
				INFOPLIST_KEY_UILaunchStoryboardName = LaunchScreen;
				INFOPLIST_KEY_UISupportedInterfaceOrientations_iPad = "UIInterfaceOrientationPortrait UIInterfaceOrientationPortraitUpsideDown UIInterfaceOrientationLandscapeLeft UIInterfaceOrientationLandscapeRight";
				INFOPLIST_KEY_UISupportedInterfaceOrientations_iPhone = "UIInterfaceOrientationPortrait UIInterfaceOrientationLandscapeLeft UIInterfaceOrientationLandscapeRight";
				LD_RUNPATH_SEARCH_PATHS = (
					"$(inherited)",
					"@executable_path/Frameworks",
				);
				MARKETING_VERSION = 1.0;
				PRODUCT_BUNDLE_IDENTIFIER = semjon.g.PryanikyTest;
				PRODUCT_NAME = "$(TARGET_NAME)";
				SWIFT_EMIT_LOC_STRINGS = YES;
				SWIFT_VERSION = 5.0;
				TARGETED_DEVICE_FAMILY = "1,2";
			};
			name = Debug;
		};
		0494C10B28401778006E0AEB /* Release */ = {
			isa = XCBuildConfiguration;
			buildSettings = {
				ASSETCATALOG_COMPILER_APPICON_NAME = AppIcon;
				ASSETCATALOG_COMPILER_GLOBAL_ACCENT_COLOR_NAME = AccentColor;
				CODE_SIGN_STYLE = Automatic;
				CURRENT_PROJECT_VERSION = 1;
				DEVELOPMENT_TEAM = 8RR9M64TNW;
				GENERATE_INFOPLIST_FILE = YES;
				INFOPLIST_FILE = PryanikyTest/Resources/Info.plist;
				INFOPLIST_KEY_UIApplicationSupportsIndirectInputEvents = YES;
				INFOPLIST_KEY_UILaunchStoryboardName = LaunchScreen;
				INFOPLIST_KEY_UISupportedInterfaceOrientations_iPad = "UIInterfaceOrientationPortrait UIInterfaceOrientationPortraitUpsideDown UIInterfaceOrientationLandscapeLeft UIInterfaceOrientationLandscapeRight";
				INFOPLIST_KEY_UISupportedInterfaceOrientations_iPhone = "UIInterfaceOrientationPortrait UIInterfaceOrientationLandscapeLeft UIInterfaceOrientationLandscapeRight";
				LD_RUNPATH_SEARCH_PATHS = (
					"$(inherited)",
					"@executable_path/Frameworks",
				);
				MARKETING_VERSION = 1.0;
				PRODUCT_BUNDLE_IDENTIFIER = semjon.g.PryanikyTest;
				PRODUCT_NAME = "$(TARGET_NAME)";
				SWIFT_EMIT_LOC_STRINGS = YES;
				SWIFT_VERSION = 5.0;
				TARGETED_DEVICE_FAMILY = "1,2";
			};
			name = Release;
		};
/* End XCBuildConfiguration section */

/* Begin XCConfigurationList section */
		0494C0F028401774006E0AEB /* Build configuration list for PBXProject "PryanikyTest" */ = {
			isa = XCConfigurationList;
			buildConfigurations = (
				0494C10728401778006E0AEB /* Debug */,
				0494C10828401778006E0AEB /* Release */,
			);
			defaultConfigurationIsVisible = 0;
			defaultConfigurationName = Release;
		};
		0494C10928401778006E0AEB /* Build configuration list for PBXNativeTarget "PryanikyTest" */ = {
			isa = XCConfigurationList;
			buildConfigurations = (
				0494C10A28401778006E0AEB /* Debug */,
				0494C10B28401778006E0AEB /* Release */,
			);
			defaultConfigurationIsVisible = 0;
			defaultConfigurationName = Release;
		};
/* End XCConfigurationList section */

/* Begin XCRemoteSwiftPackageReference section */
		04176F7828816F0E00A8FFBF /* XCRemoteSwiftPackageReference "Alamofire" */ = {
			isa = XCRemoteSwiftPackageReference;
			repositoryURL = "https://github.com/Alamofire/Alamofire.git";
			requirement = {
				kind = upToNextMajorVersion;
				minimumVersion = 5.0.0;
			};
		};
		04176F7B28816F9A00A8FFBF /* XCRemoteSwiftPackageReference "SDWebImage" */ = {
			isa = XCRemoteSwiftPackageReference;
			repositoryURL = "https://github.com/SDWebImage/SDWebImage";
			requirement = {
				kind = upToNextMajorVersion;
				minimumVersion = 5.0.0;
			};
		};
/* End XCRemoteSwiftPackageReference section */

/* Begin XCSwiftPackageProductDependency section */
		04176F7928816F0E00A8FFBF /* Alamofire */ = {
			isa = XCSwiftPackageProductDependency;
			package = 04176F7828816F0E00A8FFBF /* XCRemoteSwiftPackageReference "Alamofire" */;
			productName = Alamofire;
		};
		04176F7C28816F9A00A8FFBF /* SDWebImage */ = {
			isa = XCSwiftPackageProductDependency;
			package = 04176F7B28816F9A00A8FFBF /* XCRemoteSwiftPackageReference "SDWebImage" */;
			productName = SDWebImage;
		};
/* End XCSwiftPackageProductDependency section */
	};
	rootObject = 0494C0ED28401774006E0AEB /* Project object */;
}
